// !$*UTF8*$!
{
	archiveVersion = 1;
	classes = {
	};
	objectVersion = 55;
	objects = {

/* Begin PBXBuildFile section */
		24186762282A9F9D00A5BEC4 /* AppDelegate.swift in Sources */ = {isa = PBXBuildFile; fileRef = 24186761282A9F9D00A5BEC4 /* AppDelegate.swift */; };
		24186764282A9F9D00A5BEC4 /* SceneDelegate.swift in Sources */ = {isa = PBXBuildFile; fileRef = 24186763282A9F9D00A5BEC4 /* SceneDelegate.swift */; };
		2418676B282A9F9F00A5BEC4 /* Assets.xcassets in Resources */ = {isa = PBXBuildFile; fileRef = 2418676A282A9F9F00A5BEC4 /* Assets.xcassets */; };
		2418676E282A9F9F00A5BEC4 /* LaunchScreen.storyboard in Resources */ = {isa = PBXBuildFile; fileRef = 2418676C282A9F9F00A5BEC4 /* LaunchScreen.storyboard */; };
		243A285728341AE7006430D3 /* UIView+Extensions.swift in Sources */ = {isa = PBXBuildFile; fileRef = 243A285628341AE7006430D3 /* UIView+Extensions.swift */; };
		243A28592834233C006430D3 /* NutrientDTO.swift in Sources */ = {isa = PBXBuildFile; fileRef = 243A28582834233C006430D3 /* NutrientDTO.swift */; };
		243A285B28342429006430D3 /* Nutrient.swift in Sources */ = {isa = PBXBuildFile; fileRef = 243A285A28342429006430D3 /* Nutrient.swift */; };
		243A285E28342569006430D3 /* NutritionInfoViewController.swift in Sources */ = {isa = PBXBuildFile; fileRef = 243A285D28342569006430D3 /* NutritionInfoViewController.swift */; };
		243A286028342598006430D3 /* NutritionInfoRootView.swift in Sources */ = {isa = PBXBuildFile; fileRef = 243A285F28342598006430D3 /* NutritionInfoRootView.swift */; };
		243A2862283425B3006430D3 /* NutritionItemCell.swift in Sources */ = {isa = PBXBuildFile; fileRef = 243A2861283425B3006430D3 /* NutritionItemCell.swift */; };
		243A286428342751006430D3 /* NutritionInfoViewModel.swift in Sources */ = {isa = PBXBuildFile; fileRef = 243A286328342751006430D3 /* NutritionInfoViewModel.swift */; };
		243A28662834D958006430D3 /* Cuisine.swift in Sources */ = {isa = PBXBuildFile; fileRef = 243A28652834D958006430D3 /* Cuisine.swift */; };
		243A28682834DB0A006430D3 /* Diet.swift in Sources */ = {isa = PBXBuildFile; fileRef = 243A28672834DB0A006430D3 /* Diet.swift */; };
		243A286B2834E796006430D3 /* SearchFiltersView.swift in Sources */ = {isa = PBXBuildFile; fileRef = 243A286A2834E796006430D3 /* SearchFiltersView.swift */; };
		243A29002838AFA5006430D3 /* RecipeFiltersViewController.swift in Sources */ = {isa = PBXBuildFile; fileRef = 243A28FF2838AFA5006430D3 /* RecipeFiltersViewController.swift */; };
		246EFEE7282D64BF00265E30 /* RecipeInfoUseCase.swift in Sources */ = {isa = PBXBuildFile; fileRef = 246EFEE6282D64BF00265E30 /* RecipeInfoUseCase.swift */; };
		246EFF142830381800265E30 /* Recipe.swift in Sources */ = {isa = PBXBuildFile; fileRef = 246EFF132830381800265E30 /* Recipe.swift */; };
		246EFF18283039F400265E30 /* RequestProtocol.swift in Sources */ = {isa = PBXBuildFile; fileRef = 246EFF17283039F400265E30 /* RequestProtocol.swift */; };
		246EFF1A28303A3200265E30 /* RequestType.swift in Sources */ = {isa = PBXBuildFile; fileRef = 246EFF1928303A3200265E30 /* RequestType.swift */; };
		246EFF1C28303A9200265E30 /* SpoonacularAPIConstants.swift in Sources */ = {isa = PBXBuildFile; fileRef = 246EFF1B28303A9200265E30 /* SpoonacularAPIConstants.swift */; };
		246EFF1F28303C6900265E30 /* NetworkError.swift in Sources */ = {isa = PBXBuildFile; fileRef = 246EFF1E28303C6900265E30 /* NetworkError.swift */; };
		246EFF2428303D4100265E30 /* RecipeRequest.swift in Sources */ = {isa = PBXBuildFile; fileRef = 246EFF2328303D4100265E30 /* RecipeRequest.swift */; };
		246EFF2628303FE700265E30 /* RequestManager.swift in Sources */ = {isa = PBXBuildFile; fileRef = 246EFF2528303FE700265E30 /* RequestManager.swift */; };
		246EFF28283040D400265E30 /* APIManager.swift in Sources */ = {isa = PBXBuildFile; fileRef = 246EFF27283040D400265E30 /* APIManager.swift */; };
		246EFF2B2830DF6C00265E30 /* DataParser.swift in Sources */ = {isa = PBXBuildFile; fileRef = 246EFF2A2830DF6C00265E30 /* DataParser.swift */; };
		246EFF2E2830E40B00265E30 /* RecipeDTO.swift in Sources */ = {isa = PBXBuildFile; fileRef = 246EFF2D2830E40B00265E30 /* RecipeDTO.swift */; };
		246EFF302830E53800265E30 /* SearchResultsDTO.swift in Sources */ = {isa = PBXBuildFile; fileRef = 246EFF2F2830E53800265E30 /* SearchResultsDTO.swift */; };
		246EFF322830E63A00265E30 /* IngredientDTO.swift in Sources */ = {isa = PBXBuildFile; fileRef = 246EFF312830E63A00265E30 /* IngredientDTO.swift */; };
		246EFF342830E6CC00265E30 /* RecipeInstructionDTO.swift in Sources */ = {isa = PBXBuildFile; fileRef = 246EFF332830E6CC00265E30 /* RecipeInstructionDTO.swift */; };
		246EFF362830E87500265E30 /* RandomRecipeContainerDTO.swift in Sources */ = {isa = PBXBuildFile; fileRef = 246EFF352830E87500265E30 /* RandomRecipeContainerDTO.swift */; };
		246EFF382830EAE400265E30 /* Ingredient.swift in Sources */ = {isa = PBXBuildFile; fileRef = 246EFF372830EAE400265E30 /* Ingredient.swift */; };
		246EFF3A2830EC4200265E30 /* RecipeSearchUseCaseFactory.swift in Sources */ = {isa = PBXBuildFile; fileRef = 246EFF392830EC4200265E30 /* RecipeSearchUseCaseFactory.swift */; };
		246EFF3C2830EC8E00265E30 /* Instructions.swift in Sources */ = {isa = PBXBuildFile; fileRef = 246EFF3B2830EC8E00265E30 /* Instructions.swift */; };
		246EFF3E2830F07F00265E30 /* RecipeDetailUseCaseFactory.swift in Sources */ = {isa = PBXBuildFile; fileRef = 246EFF3D2830F07F00265E30 /* RecipeDetailUseCaseFactory.swift */; };
		2497A544282B0035003E9BDE /* RecipeSearchViewModel.swift in Sources */ = {isa = PBXBuildFile; fileRef = 2497A543282B0035003E9BDE /* RecipeSearchViewModel.swift */; };
		2497A547282B01E0003E9BDE /* UseCase.swift in Sources */ = {isa = PBXBuildFile; fileRef = 2497A546282B01E0003E9BDE /* UseCase.swift */; };
		2497A54A282B026F003E9BDE /* GetRandomRecipeUseCase.swift in Sources */ = {isa = PBXBuildFile; fileRef = 2497A549282B026F003E9BDE /* GetRandomRecipeUseCase.swift */; };
		2497A54C282B06FA003E9BDE /* RecipeSearchViewController.swift in Sources */ = {isa = PBXBuildFile; fileRef = 2497A54B282B06FA003E9BDE /* RecipeSearchViewController.swift */; };
		2497A551282B0924003E9BDE /* NiblessViewController.swift in Sources */ = {isa = PBXBuildFile; fileRef = 2497A550282B0924003E9BDE /* NiblessViewController.swift */; };
		2497A553282B093C003E9BDE /* NiblessView.swift in Sources */ = {isa = PBXBuildFile; fileRef = 2497A552282B093C003E9BDE /* NiblessView.swift */; };
		2497A555282B0AB3003E9BDE /* RecipeSearchRootView.swift in Sources */ = {isa = PBXBuildFile; fileRef = 2497A554282B0AB3003E9BDE /* RecipeSearchRootView.swift */; };
		2497A557282B0B85003E9BDE /* NiblessNavigationController.swift in Sources */ = {isa = PBXBuildFile; fileRef = 2497A556282B0B85003E9BDE /* NiblessNavigationController.swift */; };
		2497A55C282B9461003E9BDE /* RecipeSearchTableViewCell.swift in Sources */ = {isa = PBXBuildFile; fileRef = 2497A55B282B9461003E9BDE /* RecipeSearchTableViewCell.swift */; };
		2497A55E282B992D003E9BDE /* AppDependencyContainer.swift in Sources */ = {isa = PBXBuildFile; fileRef = 2497A55D282B992D003E9BDE /* AppDependencyContainer.swift */; };
		24AF802D282BCFAA00B8D5E1 /* Kingfisher in Frameworks */ = {isa = PBXBuildFile; productRef = 24AF802C282BCFAA00B8D5E1 /* Kingfisher */; };
		24AF8031282BD5BB00B8D5E1 /* SearchRecipeUseCase.swift in Sources */ = {isa = PBXBuildFile; fileRef = 24AF8030282BD5BB00B8D5E1 /* SearchRecipeUseCase.swift */; };
		24AF8035282BF82800B8D5E1 /* RecipeDetailRootView.swift in Sources */ = {isa = PBXBuildFile; fileRef = 24AF8034282BF82800B8D5E1 /* RecipeDetailRootView.swift */; };
		24AF8037282C02D800B8D5E1 /* RecipeDetailViewController.swift in Sources */ = {isa = PBXBuildFile; fileRef = 24AF8036282C02D800B8D5E1 /* RecipeDetailViewController.swift */; };
		24AF8039282C033600B8D5E1 /* RecipeDetailViewModel.swift in Sources */ = {isa = PBXBuildFile; fileRef = 24AF8038282C033600B8D5E1 /* RecipeDetailViewModel.swift */; };
		24AF803E282C0B2D00B8D5E1 /* RecipeInstructionsUseCase.swift in Sources */ = {isa = PBXBuildFile; fileRef = 24AF803D282C0B2D00B8D5E1 /* RecipeInstructionsUseCase.swift */; };
/* End PBXBuildFile section */

/* Begin PBXFileReference section */
		2418675E282A9F9D00A5BEC4 /* Recipe Manager.app */ = {isa = PBXFileReference; explicitFileType = wrapper.application; includeInIndex = 0; path = "Recipe Manager.app"; sourceTree = BUILT_PRODUCTS_DIR; };
		24186761282A9F9D00A5BEC4 /* AppDelegate.swift */ = {isa = PBXFileReference; lastKnownFileType = sourcecode.swift; path = AppDelegate.swift; sourceTree = "<group>"; };
		24186763282A9F9D00A5BEC4 /* SceneDelegate.swift */ = {isa = PBXFileReference; lastKnownFileType = sourcecode.swift; path = SceneDelegate.swift; sourceTree = "<group>"; };
		2418676A282A9F9F00A5BEC4 /* Assets.xcassets */ = {isa = PBXFileReference; lastKnownFileType = folder.assetcatalog; path = Assets.xcassets; sourceTree = "<group>"; };
		2418676D282A9F9F00A5BEC4 /* Base */ = {isa = PBXFileReference; lastKnownFileType = file.storyboard; name = Base; path = Base.lproj/LaunchScreen.storyboard; sourceTree = "<group>"; };
		2418676F282A9F9F00A5BEC4 /* Info.plist */ = {isa = PBXFileReference; lastKnownFileType = text.plist.xml; path = Info.plist; sourceTree = "<group>"; };
		243A285628341AE7006430D3 /* UIView+Extensions.swift */ = {isa = PBXFileReference; lastKnownFileType = sourcecode.swift; path = "UIView+Extensions.swift"; sourceTree = "<group>"; };
		243A28582834233C006430D3 /* NutrientDTO.swift */ = {isa = PBXFileReference; lastKnownFileType = sourcecode.swift; path = NutrientDTO.swift; sourceTree = "<group>"; };
		243A285A28342429006430D3 /* Nutrient.swift */ = {isa = PBXFileReference; lastKnownFileType = sourcecode.swift; path = Nutrient.swift; sourceTree = "<group>"; };
		243A285D28342569006430D3 /* NutritionInfoViewController.swift */ = {isa = PBXFileReference; lastKnownFileType = sourcecode.swift; path = NutritionInfoViewController.swift; sourceTree = "<group>"; };
		243A285F28342598006430D3 /* NutritionInfoRootView.swift */ = {isa = PBXFileReference; lastKnownFileType = sourcecode.swift; path = NutritionInfoRootView.swift; sourceTree = "<group>"; };
		243A2861283425B3006430D3 /* NutritionItemCell.swift */ = {isa = PBXFileReference; lastKnownFileType = sourcecode.swift; path = NutritionItemCell.swift; sourceTree = "<group>"; };
		243A286328342751006430D3 /* NutritionInfoViewModel.swift */ = {isa = PBXFileReference; lastKnownFileType = sourcecode.swift; path = NutritionInfoViewModel.swift; sourceTree = "<group>"; };
		243A28652834D958006430D3 /* Cuisine.swift */ = {isa = PBXFileReference; lastKnownFileType = sourcecode.swift; path = Cuisine.swift; sourceTree = "<group>"; };
		243A28672834DB0A006430D3 /* Diet.swift */ = {isa = PBXFileReference; lastKnownFileType = sourcecode.swift; path = Diet.swift; sourceTree = "<group>"; };
		243A286A2834E796006430D3 /* SearchFiltersView.swift */ = {isa = PBXFileReference; lastKnownFileType = sourcecode.swift; path = SearchFiltersView.swift; sourceTree = "<group>"; };
		243A28FF2838AFA5006430D3 /* RecipeFiltersViewController.swift */ = {isa = PBXFileReference; lastKnownFileType = sourcecode.swift; path = RecipeFiltersViewController.swift; sourceTree = "<group>"; };
		246EFEE6282D64BF00265E30 /* RecipeInfoUseCase.swift */ = {isa = PBXFileReference; lastKnownFileType = sourcecode.swift; path = RecipeInfoUseCase.swift; sourceTree = "<group>"; };
		246EFF132830381800265E30 /* Recipe.swift */ = {isa = PBXFileReference; lastKnownFileType = sourcecode.swift; path = Recipe.swift; sourceTree = "<group>"; };
		246EFF17283039F400265E30 /* RequestProtocol.swift */ = {isa = PBXFileReference; lastKnownFileType = sourcecode.swift; path = RequestProtocol.swift; sourceTree = "<group>"; };
		246EFF1928303A3200265E30 /* RequestType.swift */ = {isa = PBXFileReference; lastKnownFileType = sourcecode.swift; path = RequestType.swift; sourceTree = "<group>"; };
		246EFF1B28303A9200265E30 /* SpoonacularAPIConstants.swift */ = {isa = PBXFileReference; lastKnownFileType = sourcecode.swift; path = SpoonacularAPIConstants.swift; sourceTree = "<group>"; };
		246EFF1E28303C6900265E30 /* NetworkError.swift */ = {isa = PBXFileReference; lastKnownFileType = sourcecode.swift; path = NetworkError.swift; sourceTree = "<group>"; };
		246EFF2328303D4100265E30 /* RecipeRequest.swift */ = {isa = PBXFileReference; lastKnownFileType = sourcecode.swift; path = RecipeRequest.swift; sourceTree = "<group>"; };
		246EFF2528303FE700265E30 /* RequestManager.swift */ = {isa = PBXFileReference; lastKnownFileType = sourcecode.swift; path = RequestManager.swift; sourceTree = "<group>"; };
		246EFF27283040D400265E30 /* APIManager.swift */ = {isa = PBXFileReference; lastKnownFileType = sourcecode.swift; path = APIManager.swift; sourceTree = "<group>"; };
		246EFF2A2830DF6C00265E30 /* DataParser.swift */ = {isa = PBXFileReference; lastKnownFileType = sourcecode.swift; path = DataParser.swift; sourceTree = "<group>"; };
		246EFF2D2830E40B00265E30 /* RecipeDTO.swift */ = {isa = PBXFileReference; lastKnownFileType = sourcecode.swift; path = RecipeDTO.swift; sourceTree = "<group>"; };
		246EFF2F2830E53800265E30 /* SearchResultsDTO.swift */ = {isa = PBXFileReference; lastKnownFileType = sourcecode.swift; path = SearchResultsDTO.swift; sourceTree = "<group>"; };
		246EFF312830E63A00265E30 /* IngredientDTO.swift */ = {isa = PBXFileReference; lastKnownFileType = sourcecode.swift; path = IngredientDTO.swift; sourceTree = "<group>"; };
		246EFF332830E6CC00265E30 /* RecipeInstructionDTO.swift */ = {isa = PBXFileReference; lastKnownFileType = sourcecode.swift; path = RecipeInstructionDTO.swift; sourceTree = "<group>"; };
		246EFF352830E87500265E30 /* RandomRecipeContainerDTO.swift */ = {isa = PBXFileReference; lastKnownFileType = sourcecode.swift; path = RandomRecipeContainerDTO.swift; sourceTree = "<group>"; };
		246EFF372830EAE400265E30 /* Ingredient.swift */ = {isa = PBXFileReference; lastKnownFileType = sourcecode.swift; path = Ingredient.swift; sourceTree = "<group>"; };
		246EFF392830EC4200265E30 /* RecipeSearchUseCaseFactory.swift */ = {isa = PBXFileReference; lastKnownFileType = sourcecode.swift; path = RecipeSearchUseCaseFactory.swift; sourceTree = "<group>"; };
		246EFF3B2830EC8E00265E30 /* Instructions.swift */ = {isa = PBXFileReference; lastKnownFileType = sourcecode.swift; path = Instructions.swift; sourceTree = "<group>"; };
		246EFF3D2830F07F00265E30 /* RecipeDetailUseCaseFactory.swift */ = {isa = PBXFileReference; lastKnownFileType = sourcecode.swift; path = RecipeDetailUseCaseFactory.swift; sourceTree = "<group>"; };
		2497A543282B0035003E9BDE /* RecipeSearchViewModel.swift */ = {isa = PBXFileReference; lastKnownFileType = sourcecode.swift; path = RecipeSearchViewModel.swift; sourceTree = "<group>"; };
		2497A546282B01E0003E9BDE /* UseCase.swift */ = {isa = PBXFileReference; lastKnownFileType = sourcecode.swift; path = UseCase.swift; sourceTree = "<group>"; };
		2497A549282B026F003E9BDE /* GetRandomRecipeUseCase.swift */ = {isa = PBXFileReference; lastKnownFileType = sourcecode.swift; path = GetRandomRecipeUseCase.swift; sourceTree = "<group>"; };
		2497A54B282B06FA003E9BDE /* RecipeSearchViewController.swift */ = {isa = PBXFileReference; lastKnownFileType = sourcecode.swift; path = RecipeSearchViewController.swift; sourceTree = "<group>"; };
		2497A550282B0924003E9BDE /* NiblessViewController.swift */ = {isa = PBXFileReference; lastKnownFileType = sourcecode.swift; path = NiblessViewController.swift; sourceTree = "<group>"; };
		2497A552282B093C003E9BDE /* NiblessView.swift */ = {isa = PBXFileReference; lastKnownFileType = sourcecode.swift; path = NiblessView.swift; sourceTree = "<group>"; };
		2497A554282B0AB3003E9BDE /* RecipeSearchRootView.swift */ = {isa = PBXFileReference; lastKnownFileType = sourcecode.swift; path = RecipeSearchRootView.swift; sourceTree = "<group>"; };
		2497A556282B0B85003E9BDE /* NiblessNavigationController.swift */ = {isa = PBXFileReference; lastKnownFileType = sourcecode.swift; path = NiblessNavigationController.swift; sourceTree = "<group>"; };
		2497A55B282B9461003E9BDE /* RecipeSearchTableViewCell.swift */ = {isa = PBXFileReference; lastKnownFileType = sourcecode.swift; path = RecipeSearchTableViewCell.swift; sourceTree = "<group>"; };
		2497A55D282B992D003E9BDE /* AppDependencyContainer.swift */ = {isa = PBXFileReference; lastKnownFileType = sourcecode.swift; path = AppDependencyContainer.swift; sourceTree = "<group>"; };
		24AF8030282BD5BB00B8D5E1 /* SearchRecipeUseCase.swift */ = {isa = PBXFileReference; lastKnownFileType = sourcecode.swift; path = SearchRecipeUseCase.swift; sourceTree = "<group>"; };
		24AF8034282BF82800B8D5E1 /* RecipeDetailRootView.swift */ = {isa = PBXFileReference; lastKnownFileType = sourcecode.swift; path = RecipeDetailRootView.swift; sourceTree = "<group>"; };
		24AF8036282C02D800B8D5E1 /* RecipeDetailViewController.swift */ = {isa = PBXFileReference; lastKnownFileType = sourcecode.swift; path = RecipeDetailViewController.swift; sourceTree = "<group>"; };
		24AF8038282C033600B8D5E1 /* RecipeDetailViewModel.swift */ = {isa = PBXFileReference; lastKnownFileType = sourcecode.swift; path = RecipeDetailViewModel.swift; sourceTree = "<group>"; };
		24AF803D282C0B2D00B8D5E1 /* RecipeInstructionsUseCase.swift */ = {isa = PBXFileReference; lastKnownFileType = sourcecode.swift; path = RecipeInstructionsUseCase.swift; sourceTree = "<group>"; };
/* End PBXFileReference section */

/* Begin PBXFrameworksBuildPhase section */
		2418675B282A9F9D00A5BEC4 /* Frameworks */ = {
			isa = PBXFrameworksBuildPhase;
			buildActionMask = 2147483647;
			files = (
				24AF802D282BCFAA00B8D5E1 /* Kingfisher in Frameworks */,
			);
			runOnlyForDeploymentPostprocessing = 0;
		};
/* End PBXFrameworksBuildPhase section */

/* Begin PBXGroup section */
		24186755282A9F9D00A5BEC4 = {
			isa = PBXGroup;
			children = (
				24186760282A9F9D00A5BEC4 /* Recipe Manager */,
				2418675F282A9F9D00A5BEC4 /* Products */,
			);
			sourceTree = "<group>";
		};
		2418675F282A9F9D00A5BEC4 /* Products */ = {
			isa = PBXGroup;
			children = (
				2418675E282A9F9D00A5BEC4 /* Recipe Manager.app */,
			);
			name = Products;
			sourceTree = "<group>";
		};
		24186760282A9F9D00A5BEC4 /* Recipe Manager */ = {
			isa = PBXGroup;
			children = (
				2418677E282AE8D900A5BEC4 /* App */,
				246EFF0F2830372600265E30 /* Core */,
				2418677D282AE8C200A5BEC4 /* Scenes */,
				2418676F282A9F9F00A5BEC4 /* Info.plist */,
			);
			path = "Recipe Manager";
			sourceTree = "<group>";
		};
		2418677D282AE8C200A5BEC4 /* Scenes */ = {
			isa = PBXGroup;
			children = (
				24AF8032282BF7E200B8D5E1 /* RecipeSearch */,
				24AF8033282BF7EF00B8D5E1 /* RecipeDetail */,
				243A285C28342538006430D3 /* NutritionInfo */,
				246EFF402830F6A500265E30 /* Utils */,
			);
			path = Scenes;
			sourceTree = "<group>";
		};
		2418677E282AE8D900A5BEC4 /* App */ = {
			isa = PBXGroup;
			children = (
				24186761282A9F9D00A5BEC4 /* AppDelegate.swift */,
				24186763282A9F9D00A5BEC4 /* SceneDelegate.swift */,
				2497A55D282B992D003E9BDE /* AppDependencyContainer.swift */,
				2418676A282A9F9F00A5BEC4 /* Assets.xcassets */,
				2418676C282A9F9F00A5BEC4 /* LaunchScreen.storyboard */,
			);
			path = App;
			sourceTree = "<group>";
		};
		243A285C28342538006430D3 /* NutritionInfo */ = {
			isa = PBXGroup;
			children = (
				243A285D28342569006430D3 /* NutritionInfoViewController.swift */,
				243A285F28342598006430D3 /* NutritionInfoRootView.swift */,
				243A286328342751006430D3 /* NutritionInfoViewModel.swift */,
				243A2861283425B3006430D3 /* NutritionItemCell.swift */,
			);
			path = NutritionInfo;
			sourceTree = "<group>";
		};
		243A28692834E766006430D3 /* views */ = {
			isa = PBXGroup;
			children = (
				2497A554282B0AB3003E9BDE /* RecipeSearchRootView.swift */,
				2497A55B282B9461003E9BDE /* RecipeSearchTableViewCell.swift */,
				243A286A2834E796006430D3 /* SearchFiltersView.swift */,
			);
			path = views;
			sourceTree = "<group>";
		};
		246EFF0F2830372600265E30 /* Core */ = {
			isa = PBXGroup;
			children = (
				246EFF112830375100265E30 /* Data */,
				246EFF102830373900265E30 /* Domain */,
			);
			path = Core;
			sourceTree = "<group>";
		};
		246EFF102830373900265E30 /* Domain */ = {
			isa = PBXGroup;
			children = (
				246EFF3F2830F32B00265E30 /* useCase */,
				246EFF122830377C00265E30 /* model */,
			);
			path = Domain;
			sourceTree = "<group>";
		};
		246EFF112830375100265E30 /* Data */ = {
			isa = PBXGroup;
			children = (
				246EFF15283039CE00265E30 /* api */,
			);
			path = Data;
			sourceTree = "<group>";
		};
		246EFF122830377C00265E30 /* model */ = {
			isa = PBXGroup;
			children = (
				246EFF132830381800265E30 /* Recipe.swift */,
				246EFF372830EAE400265E30 /* Ingredient.swift */,
				246EFF3B2830EC8E00265E30 /* Instructions.swift */,
				243A285A28342429006430D3 /* Nutrient.swift */,
				243A28652834D958006430D3 /* Cuisine.swift */,
				243A28672834DB0A006430D3 /* Diet.swift */,
			);
			path = model;
			sourceTree = "<group>";
		};
		246EFF15283039CE00265E30 /* api */ = {
			isa = PBXGroup;
			children = (
				246EFF2C2830E3F500265E30 /* DTO */,
				246EFF16283039E100265E30 /* request */,
				246EFF1D28303C4C00265E30 /* network */,
				246EFF292830DF5600265E30 /* parser */,
				246EFF1B28303A9200265E30 /* SpoonacularAPIConstants.swift */,
			);
			path = api;
			sourceTree = "<group>";
		};
		246EFF16283039E100265E30 /* request */ = {
			isa = PBXGroup;
			children = (
				246EFF2228303D2400265E30 /* recipe */,
				246EFF17283039F400265E30 /* RequestProtocol.swift */,
				246EFF1928303A3200265E30 /* RequestType.swift */,
			);
			path = request;
			sourceTree = "<group>";
		};
		246EFF1D28303C4C00265E30 /* network */ = {
			isa = PBXGroup;
			children = (
				246EFF1E28303C6900265E30 /* NetworkError.swift */,
				246EFF2528303FE700265E30 /* RequestManager.swift */,
				246EFF27283040D400265E30 /* APIManager.swift */,
			);
			path = network;
			sourceTree = "<group>";
		};
		246EFF2228303D2400265E30 /* recipe */ = {
			isa = PBXGroup;
			children = (
				246EFF2328303D4100265E30 /* RecipeRequest.swift */,
			);
			path = recipe;
			sourceTree = "<group>";
		};
		246EFF292830DF5600265E30 /* parser */ = {
			isa = PBXGroup;
			children = (
				246EFF2A2830DF6C00265E30 /* DataParser.swift */,
			);
			path = parser;
			sourceTree = "<group>";
		};
		246EFF2C2830E3F500265E30 /* DTO */ = {
			isa = PBXGroup;
			children = (
				246EFF2D2830E40B00265E30 /* RecipeDTO.swift */,
				246EFF332830E6CC00265E30 /* RecipeInstructionDTO.swift */,
				246EFF312830E63A00265E30 /* IngredientDTO.swift */,
				246EFF2F2830E53800265E30 /* SearchResultsDTO.swift */,
				246EFF352830E87500265E30 /* RandomRecipeContainerDTO.swift */,
				243A28582834233C006430D3 /* NutrientDTO.swift */,
			);
			path = DTO;
			sourceTree = "<group>";
		};
		246EFF3F2830F32B00265E30 /* useCase */ = {
			isa = PBXGroup;
			children = (
				24AF803C282C0B1800B8D5E1 /* RecipeDetail */,
				2497A548282B025A003E9BDE /* RecipeSearch */,
				2497A546282B01E0003E9BDE /* UseCase.swift */,
			);
			path = useCase;
			sourceTree = "<group>";
		};
		246EFF402830F6A500265E30 /* Utils */ = {
			isa = PBXGroup;
			children = (
				2497A54E282B08B5003E9BDE /* Reusable */,
			);
			path = Utils;
			sourceTree = "<group>";
		};
		2497A548282B025A003E9BDE /* RecipeSearch */ = {
			isa = PBXGroup;
			children = (
				2497A549282B026F003E9BDE /* GetRandomRecipeUseCase.swift */,
				24AF8030282BD5BB00B8D5E1 /* SearchRecipeUseCase.swift */,
				246EFF392830EC4200265E30 /* RecipeSearchUseCaseFactory.swift */,
			);
			path = RecipeSearch;
			sourceTree = "<group>";
		};
		2497A54E282B08B5003E9BDE /* Reusable */ = {
			isa = PBXGroup;
			children = (
				2497A54F282B08BE003E9BDE /* NiblessComponents */,
				243A285628341AE7006430D3 /* UIView+Extensions.swift */,
			);
			path = Reusable;
			sourceTree = "<group>";
		};
		2497A54F282B08BE003E9BDE /* NiblessComponents */ = {
			isa = PBXGroup;
			children = (
				2497A550282B0924003E9BDE /* NiblessViewController.swift */,
				2497A552282B093C003E9BDE /* NiblessView.swift */,
				2497A556282B0B85003E9BDE /* NiblessNavigationController.swift */,
			);
			path = NiblessComponents;
			sourceTree = "<group>";
		};
		24AF8032282BF7E200B8D5E1 /* RecipeSearch */ = {
			isa = PBXGroup;
			children = (
				243A28692834E766006430D3 /* views */,
				2497A54B282B06FA003E9BDE /* RecipeSearchViewController.swift */,
				243A28FF2838AFA5006430D3 /* RecipeFiltersViewController.swift */,
				2497A543282B0035003E9BDE /* RecipeSearchViewModel.swift */,
			);
			path = RecipeSearch;
			sourceTree = "<group>";
		};
		24AF8033282BF7EF00B8D5E1 /* RecipeDetail */ = {
			isa = PBXGroup;
			children = (
				24AF8036282C02D800B8D5E1 /* RecipeDetailViewController.swift */,
				24AF8034282BF82800B8D5E1 /* RecipeDetailRootView.swift */,
				24AF8038282C033600B8D5E1 /* RecipeDetailViewModel.swift */,
			);
			path = RecipeDetail;
			sourceTree = "<group>";
		};
		24AF803C282C0B1800B8D5E1 /* RecipeDetail */ = {
			isa = PBXGroup;
			children = (
				24AF803D282C0B2D00B8D5E1 /* RecipeInstructionsUseCase.swift */,
				246EFEE6282D64BF00265E30 /* RecipeInfoUseCase.swift */,
				246EFF3D2830F07F00265E30 /* RecipeDetailUseCaseFactory.swift */,
			);
			path = RecipeDetail;
			sourceTree = "<group>";
		};
/* End PBXGroup section */

/* Begin PBXNativeTarget section */
		2418675D282A9F9D00A5BEC4 /* Recipe Manager */ = {
			isa = PBXNativeTarget;
			buildConfigurationList = 24186772282A9F9F00A5BEC4 /* Build configuration list for PBXNativeTarget "Recipe Manager" */;
			buildPhases = (
				2418675A282A9F9D00A5BEC4 /* Sources */,
				2418675B282A9F9D00A5BEC4 /* Frameworks */,
				2418675C282A9F9D00A5BEC4 /* Resources */,
			);
			buildRules = (
			);
			dependencies = (
			);
			name = "Recipe Manager";
			packageProductDependencies = (
				24AF802C282BCFAA00B8D5E1 /* Kingfisher */,
			);
			productName = "Recipe Manager";
			productReference = 2418675E282A9F9D00A5BEC4 /* Recipe Manager.app */;
			productType = "com.apple.product-type.application";
		};
/* End PBXNativeTarget section */

/* Begin PBXProject section */
		24186756282A9F9D00A5BEC4 /* Project object */ = {
			isa = PBXProject;
			attributes = {
				BuildIndependentTargetsInParallel = 1;
				LastSwiftUpdateCheck = 1330;
				LastUpgradeCheck = 1330;
				TargetAttributes = {
					2418675D282A9F9D00A5BEC4 = {
						CreatedOnToolsVersion = 13.3.1;
					};
				};
			};
			buildConfigurationList = 24186759282A9F9D00A5BEC4 /* Build configuration list for PBXProject "Recipe Manager" */;
			compatibilityVersion = "Xcode 13.0";
			developmentRegion = en;
			hasScannedForEncodings = 0;
			knownRegions = (
				en,
				Base,
			);
			mainGroup = 24186755282A9F9D00A5BEC4;
			packageReferences = (
				24AF802B282BCFAA00B8D5E1 /* XCRemoteSwiftPackageReference "Kingfisher" */,
			);
			productRefGroup = 2418675F282A9F9D00A5BEC4 /* Products */;
			projectDirPath = "";
			projectRoot = "";
			targets = (
				2418675D282A9F9D00A5BEC4 /* Recipe Manager */,
			);
		};
/* End PBXProject section */

/* Begin PBXResourcesBuildPhase section */
		2418675C282A9F9D00A5BEC4 /* Resources */ = {
			isa = PBXResourcesBuildPhase;
			buildActionMask = 2147483647;
			files = (
				2418676E282A9F9F00A5BEC4 /* LaunchScreen.storyboard in Resources */,
				2418676B282A9F9F00A5BEC4 /* Assets.xcassets in Resources */,
			);
			runOnlyForDeploymentPostprocessing = 0;
		};
/* End PBXResourcesBuildPhase section */

/* Begin PBXSourcesBuildPhase section */
		2418675A282A9F9D00A5BEC4 /* Sources */ = {
			isa = PBXSourcesBuildPhase;
			buildActionMask = 2147483647;
			files = (
				243A286B2834E796006430D3 /* SearchFiltersView.swift in Sources */,
				24AF8035282BF82800B8D5E1 /* RecipeDetailRootView.swift in Sources */,
				243A2862283425B3006430D3 /* NutritionItemCell.swift in Sources */,
				243A285E28342569006430D3 /* NutritionInfoViewController.swift in Sources */,
				2497A55E282B992D003E9BDE /* AppDependencyContainer.swift in Sources */,
				243A28662834D958006430D3 /* Cuisine.swift in Sources */,
				2497A54C282B06FA003E9BDE /* RecipeSearchViewController.swift in Sources */,
				243A28682834DB0A006430D3 /* Diet.swift in Sources */,
				243A286028342598006430D3 /* NutritionInfoRootView.swift in Sources */,
				246EFF1F28303C6900265E30 /* NetworkError.swift in Sources */,
				24186762282A9F9D00A5BEC4 /* AppDelegate.swift in Sources */,
				246EFF142830381800265E30 /* Recipe.swift in Sources */,
				2497A555282B0AB3003E9BDE /* RecipeSearchRootView.swift in Sources */,
				243A285728341AE7006430D3 /* UIView+Extensions.swift in Sources */,
				243A28592834233C006430D3 /* NutrientDTO.swift in Sources */,
				24AF803E282C0B2D00B8D5E1 /* RecipeInstructionsUseCase.swift in Sources */,
				246EFF2E2830E40B00265E30 /* RecipeDTO.swift in Sources */,
				246EFF28283040D400265E30 /* APIManager.swift in Sources */,
				24AF8031282BD5BB00B8D5E1 /* SearchRecipeUseCase.swift in Sources */,
				2497A553282B093C003E9BDE /* NiblessView.swift in Sources */,
				243A29002838AFA5006430D3 /* RecipeFiltersViewController.swift in Sources */,
				243A285B28342429006430D3 /* Nutrient.swift in Sources */,
				246EFF2428303D4100265E30 /* RecipeRequest.swift in Sources */,
				243A286428342751006430D3 /* NutritionInfoViewModel.swift in Sources */,
				2497A551282B0924003E9BDE /* NiblessViewController.swift in Sources */,
				2497A55C282B9461003E9BDE /* RecipeSearchTableViewCell.swift in Sources */,
				246EFF2628303FE700265E30 /* RequestManager.swift in Sources */,
				246EFF3A2830EC4200265E30 /* RecipeSearchUseCaseFactory.swift in Sources */,
				246EFF18283039F400265E30 /* RequestProtocol.swift in Sources */,
				246EFF1C28303A9200265E30 /* SpoonacularAPIConstants.swift in Sources */,
				24AF8039282C033600B8D5E1 /* RecipeDetailViewModel.swift in Sources */,
				246EFF3E2830F07F00265E30 /* RecipeDetailUseCaseFactory.swift in Sources */,
				24AF8037282C02D800B8D5E1 /* RecipeDetailViewController.swift in Sources */,
				246EFF3C2830EC8E00265E30 /* Instructions.swift in Sources */,
				246EFF2B2830DF6C00265E30 /* DataParser.swift in Sources */,
				246EFEE7282D64BF00265E30 /* RecipeInfoUseCase.swift in Sources */,
				246EFF302830E53800265E30 /* SearchResultsDTO.swift in Sources */,
				246EFF322830E63A00265E30 /* IngredientDTO.swift in Sources */,
				2497A557282B0B85003E9BDE /* NiblessNavigationController.swift in Sources */,
				246EFF342830E6CC00265E30 /* RecipeInstructionDTO.swift in Sources */,
				2497A54A282B026F003E9BDE /* GetRandomRecipeUseCase.swift in Sources */,
				246EFF382830EAE400265E30 /* Ingredient.swift in Sources */,
				24186764282A9F9D00A5BEC4 /* SceneDelegate.swift in Sources */,
				2497A547282B01E0003E9BDE /* UseCase.swift in Sources */,
				246EFF362830E87500265E30 /* RandomRecipeContainerDTO.swift in Sources */,
				246EFF1A28303A3200265E30 /* RequestType.swift in Sources */,
				2497A544282B0035003E9BDE /* RecipeSearchViewModel.swift in Sources */,
			);
			runOnlyForDeploymentPostprocessing = 0;
		};
/* End PBXSourcesBuildPhase section */

/* Begin PBXVariantGroup section */
		2418676C282A9F9F00A5BEC4 /* LaunchScreen.storyboard */ = {
			isa = PBXVariantGroup;
			children = (
				2418676D282A9F9F00A5BEC4 /* Base */,
			);
			name = LaunchScreen.storyboard;
			sourceTree = "<group>";
		};
/* End PBXVariantGroup section */

/* Begin XCBuildConfiguration section */
		24186770282A9F9F00A5BEC4 /* Debug */ = {
			isa = XCBuildConfiguration;
			buildSettings = {
				ALWAYS_SEARCH_USER_PATHS = NO;
				CLANG_ANALYZER_NONNULL = YES;
				CLANG_ANALYZER_NUMBER_OBJECT_CONVERSION = YES_AGGRESSIVE;
				CLANG_CXX_LANGUAGE_STANDARD = "gnu++17";
				CLANG_ENABLE_MODULES = YES;
				CLANG_ENABLE_OBJC_ARC = YES;
				CLANG_ENABLE_OBJC_WEAK = YES;
				CLANG_WARN_BLOCK_CAPTURE_AUTORELEASING = YES;
				CLANG_WARN_BOOL_CONVERSION = YES;
				CLANG_WARN_COMMA = YES;
				CLANG_WARN_CONSTANT_CONVERSION = YES;
				CLANG_WARN_DEPRECATED_OBJC_IMPLEMENTATIONS = YES;
				CLANG_WARN_DIRECT_OBJC_ISA_USAGE = YES_ERROR;
				CLANG_WARN_DOCUMENTATION_COMMENTS = YES;
				CLANG_WARN_EMPTY_BODY = YES;
				CLANG_WARN_ENUM_CONVERSION = YES;
				CLANG_WARN_INFINITE_RECURSION = YES;
				CLANG_WARN_INT_CONVERSION = YES;
				CLANG_WARN_NON_LITERAL_NULL_CONVERSION = YES;
				CLANG_WARN_OBJC_IMPLICIT_RETAIN_SELF = YES;
				CLANG_WARN_OBJC_LITERAL_CONVERSION = YES;
				CLANG_WARN_OBJC_ROOT_CLASS = YES_ERROR;
				CLANG_WARN_QUOTED_INCLUDE_IN_FRAMEWORK_HEADER = YES;
				CLANG_WARN_RANGE_LOOP_ANALYSIS = YES;
				CLANG_WARN_STRICT_PROTOTYPES = YES;
				CLANG_WARN_SUSPICIOUS_MOVE = YES;
				CLANG_WARN_UNGUARDED_AVAILABILITY = YES_AGGRESSIVE;
				CLANG_WARN_UNREACHABLE_CODE = YES;
				CLANG_WARN__DUPLICATE_METHOD_MATCH = YES;
				COPY_PHASE_STRIP = NO;
				DEBUG_INFORMATION_FORMAT = dwarf;
				ENABLE_STRICT_OBJC_MSGSEND = YES;
				ENABLE_TESTABILITY = YES;
				GCC_C_LANGUAGE_STANDARD = gnu11;
				GCC_DYNAMIC_NO_PIC = NO;
				GCC_NO_COMMON_BLOCKS = YES;
				GCC_OPTIMIZATION_LEVEL = 0;
				GCC_PREPROCESSOR_DEFINITIONS = (
					"DEBUG=1",
					"$(inherited)",
				);
				GCC_WARN_64_TO_32_BIT_CONVERSION = YES;
				GCC_WARN_ABOUT_RETURN_TYPE = YES_ERROR;
				GCC_WARN_UNDECLARED_SELECTOR = YES;
				GCC_WARN_UNINITIALIZED_AUTOS = YES_AGGRESSIVE;
				GCC_WARN_UNUSED_FUNCTION = YES;
				GCC_WARN_UNUSED_VARIABLE = YES;
				IPHONEOS_DEPLOYMENT_TARGET = 15.4;
				MTL_ENABLE_DEBUG_INFO = INCLUDE_SOURCE;
				MTL_FAST_MATH = YES;
				ONLY_ACTIVE_ARCH = YES;
				SDKROOT = iphoneos;
				SWIFT_ACTIVE_COMPILATION_CONDITIONS = DEBUG;
				SWIFT_OPTIMIZATION_LEVEL = "-Onone";
			};
			name = Debug;
		};
		24186771282A9F9F00A5BEC4 /* Release */ = {
			isa = XCBuildConfiguration;
			buildSettings = {
				ALWAYS_SEARCH_USER_PATHS = NO;
				CLANG_ANALYZER_NONNULL = YES;
				CLANG_ANALYZER_NUMBER_OBJECT_CONVERSION = YES_AGGRESSIVE;
				CLANG_CXX_LANGUAGE_STANDARD = "gnu++17";
				CLANG_ENABLE_MODULES = YES;
				CLANG_ENABLE_OBJC_ARC = YES;
				CLANG_ENABLE_OBJC_WEAK = YES;
				CLANG_WARN_BLOCK_CAPTURE_AUTORELEASING = YES;
				CLANG_WARN_BOOL_CONVERSION = YES;
				CLANG_WARN_COMMA = YES;
				CLANG_WARN_CONSTANT_CONVERSION = YES;
				CLANG_WARN_DEPRECATED_OBJC_IMPLEMENTATIONS = YES;
				CLANG_WARN_DIRECT_OBJC_ISA_USAGE = YES_ERROR;
				CLANG_WARN_DOCUMENTATION_COMMENTS = YES;
				CLANG_WARN_EMPTY_BODY = YES;
				CLANG_WARN_ENUM_CONVERSION = YES;
				CLANG_WARN_INFINITE_RECURSION = YES;
				CLANG_WARN_INT_CONVERSION = YES;
				CLANG_WARN_NON_LITERAL_NULL_CONVERSION = YES;
				CLANG_WARN_OBJC_IMPLICIT_RETAIN_SELF = YES;
				CLANG_WARN_OBJC_LITERAL_CONVERSION = YES;
				CLANG_WARN_OBJC_ROOT_CLASS = YES_ERROR;
				CLANG_WARN_QUOTED_INCLUDE_IN_FRAMEWORK_HEADER = YES;
				CLANG_WARN_RANGE_LOOP_ANALYSIS = YES;
				CLANG_WARN_STRICT_PROTOTYPES = YES;
				CLANG_WARN_SUSPICIOUS_MOVE = YES;
				CLANG_WARN_UNGUARDED_AVAILABILITY = YES_AGGRESSIVE;
				CLANG_WARN_UNREACHABLE_CODE = YES;
				CLANG_WARN__DUPLICATE_METHOD_MATCH = YES;
				COPY_PHASE_STRIP = NO;
				DEBUG_INFORMATION_FORMAT = "dwarf-with-dsym";
				ENABLE_NS_ASSERTIONS = NO;
				ENABLE_STRICT_OBJC_MSGSEND = YES;
				GCC_C_LANGUAGE_STANDARD = gnu11;
				GCC_NO_COMMON_BLOCKS = YES;
				GCC_WARN_64_TO_32_BIT_CONVERSION = YES;
				GCC_WARN_ABOUT_RETURN_TYPE = YES_ERROR;
				GCC_WARN_UNDECLARED_SELECTOR = YES;
				GCC_WARN_UNINITIALIZED_AUTOS = YES_AGGRESSIVE;
				GCC_WARN_UNUSED_FUNCTION = YES;
				GCC_WARN_UNUSED_VARIABLE = YES;
				IPHONEOS_DEPLOYMENT_TARGET = 15.4;
				MTL_ENABLE_DEBUG_INFO = NO;
				MTL_FAST_MATH = YES;
				SDKROOT = iphoneos;
				SWIFT_COMPILATION_MODE = wholemodule;
				SWIFT_OPTIMIZATION_LEVEL = "-O";
				VALIDATE_PRODUCT = YES;
			};
			name = Release;
		};
		24186773282A9F9F00A5BEC4 /* Debug */ = {
			isa = XCBuildConfiguration;
			buildSettings = {
				ASSETCATALOG_COMPILER_APPICON_NAME = AppIcon;
				ASSETCATALOG_COMPILER_GLOBAL_ACCENT_COLOR_NAME = AccentColor;
				CODE_SIGN_STYLE = Automatic;
				CURRENT_PROJECT_VERSION = 1;
				DEVELOPMENT_TEAM = 74TJJ39GL7;
				GENERATE_INFOPLIST_FILE = YES;
				INFOPLIST_FILE = "Recipe Manager/Info.plist";
				INFOPLIST_KEY_UIApplicationSupportsIndirectInputEvents = YES;
				INFOPLIST_KEY_UILaunchStoryboardName = LaunchScreen;
				INFOPLIST_KEY_UISupportedInterfaceOrientations = UIInterfaceOrientationPortrait;
				INFOPLIST_KEY_UISupportedInterfaceOrientations_iPad = "UIInterfaceOrientationPortrait UIInterfaceOrientationPortraitUpsideDown UIInterfaceOrientationLandscapeLeft UIInterfaceOrientationLandscapeRight";
				INFOPLIST_KEY_UISupportedInterfaceOrientations_iPhone = "UIInterfaceOrientationPortrait UIInterfaceOrientationLandscapeLeft UIInterfaceOrientationLandscapeRight";
				LD_RUNPATH_SEARCH_PATHS = (
					"$(inherited)",
					"@executable_path/Frameworks",
				);
				MARKETING_VERSION = 1.0;
				PRODUCT_BUNDLE_IDENTIFIER = "com.artchemist.development.Recipe-Manager";
				PRODUCT_NAME = "$(TARGET_NAME)";
				SWIFT_EMIT_LOC_STRINGS = YES;
				SWIFT_VERSION = 5.0;
				TARGETED_DEVICE_FAMILY = "1,2";
			};
			name = Debug;
		};
		24186774282A9F9F00A5BEC4 /* Release */ = {
			isa = XCBuildConfiguration;
			buildSettings = {
				ASSETCATALOG_COMPILER_APPICON_NAME = AppIcon;
				ASSETCATALOG_COMPILER_GLOBAL_ACCENT_COLOR_NAME = AccentColor;
				CODE_SIGN_STYLE = Automatic;
				CURRENT_PROJECT_VERSION = 1;
				DEVELOPMENT_TEAM = 74TJJ39GL7;
				GENERATE_INFOPLIST_FILE = YES;
				INFOPLIST_FILE = "Recipe Manager/Info.plist";
				INFOPLIST_KEY_UIApplicationSupportsIndirectInputEvents = YES;
				INFOPLIST_KEY_UILaunchStoryboardName = LaunchScreen;
				INFOPLIST_KEY_UISupportedInterfaceOrientations = UIInterfaceOrientationPortrait;
				INFOPLIST_KEY_UISupportedInterfaceOrientations_iPad = "UIInterfaceOrientationPortrait UIInterfaceOrientationPortraitUpsideDown UIInterfaceOrientationLandscapeLeft UIInterfaceOrientationLandscapeRight";
				INFOPLIST_KEY_UISupportedInterfaceOrientations_iPhone = "UIInterfaceOrientationPortrait UIInterfaceOrientationLandscapeLeft UIInterfaceOrientationLandscapeRight";
				LD_RUNPATH_SEARCH_PATHS = (
					"$(inherited)",
					"@executable_path/Frameworks",
				);
				MARKETING_VERSION = 1.0;
				PRODUCT_BUNDLE_IDENTIFIER = "com.artchemist.development.Recipe-Manager";
				PRODUCT_NAME = "$(TARGET_NAME)";
				SWIFT_EMIT_LOC_STRINGS = YES;
				SWIFT_VERSION = 5.0;
				TARGETED_DEVICE_FAMILY = "1,2";
			};
			name = Release;
		};
/* End XCBuildConfiguration section */

/* Begin XCConfigurationList section */
		24186759282A9F9D00A5BEC4 /* Build configuration list for PBXProject "Recipe Manager" */ = {
			isa = XCConfigurationList;
			buildConfigurations = (
				24186770282A9F9F00A5BEC4 /* Debug */,
				24186771282A9F9F00A5BEC4 /* Release */,
			);
			defaultConfigurationIsVisible = 0;
			defaultConfigurationName = Release;
		};
		24186772282A9F9F00A5BEC4 /* Build configuration list for PBXNativeTarget "Recipe Manager" */ = {
			isa = XCConfigurationList;
			buildConfigurations = (
				24186773282A9F9F00A5BEC4 /* Debug */,
				24186774282A9F9F00A5BEC4 /* Release */,
			);
			defaultConfigurationIsVisible = 0;
			defaultConfigurationName = Release;
		};
/* End XCConfigurationList section */

/* Begin XCRemoteSwiftPackageReference section */
		24AF802B282BCFAA00B8D5E1 /* XCRemoteSwiftPackageReference "Kingfisher" */ = {
			isa = XCRemoteSwiftPackageReference;
			repositoryURL = "https://github.com/onevcat/Kingfisher.git";
			requirement = {
				branch = master;
				kind = branch;
			};
		};
/* End XCRemoteSwiftPackageReference section */

/* Begin XCSwiftPackageProductDependency section */
		24AF802C282BCFAA00B8D5E1 /* Kingfisher */ = {
			isa = XCSwiftPackageProductDependency;
			package = 24AF802B282BCFAA00B8D5E1 /* XCRemoteSwiftPackageReference "Kingfisher" */;
			productName = Kingfisher;
		};
/* End XCSwiftPackageProductDependency section */
	};
	rootObject = 24186756282A9F9D00A5BEC4 /* Project object */;
}
